{
  "lockfileVersion": 1,
  "workspaces": {
    "": {
      "name": "ris-api",
      "dependencies": {
        "@hono/zod-validator": "^0.7.4",
        "@scalar/hono-api-reference": "^0.9.24",
        "hono": "^4.10.6",
        "zod": "^4.1.12",
      },
      "devDependencies": {
        "@biomejs/biome": "2.3.6",
        "@types/bun": "latest",
      },
    },
  },
  "packages": {
    "@biomejs/biome": ["@biomejs/biome@2.3.6", "", { "optionalDependencies": { "@biomejs/cli-darwin-arm64": "2.3.6", "@biomejs/cli-darwin-x64": "2.3.6", "@biomejs/cli-linux-arm64": "2.3.6", "@biomejs/cli-linux-arm64-musl": "2.3.6", "@biomejs/cli-linux-x64": "2.3.6", "@biomejs/cli-linux-x64-musl": "2.3.6", "@biomejs/cli-win32-arm64": "2.3.6", "@biomejs/cli-win32-x64": "2.3.6" }, "bin": { "biome": "bin/biome" } }, "sha512-oqUhWyU6tae0MFsr/7iLe++QWRg+6jtUhlx9/0GmCWDYFFrK366sBLamNM7D9Y+c7YSynUFKr8lpEp1r6Sk7eA=="],

    "@biomejs/cli-darwin-arm64": ["@biomejs/cli-darwin-arm64@2.3.6", "", { "os": "darwin", "cpu": "arm64" }, "sha512-P4JWE5d8UayBxYe197QJwyW4ZHp0B+zvRIGCusOm1WbxmlhpAQA1zEqQuunHgSIzvyEEp4TVxiKGXNFZPg7r9Q=="],

    "@biomejs/cli-darwin-x64": ["@biomejs/cli-darwin-x64@2.3.6", "", { "os": "darwin", "cpu": "x64" }, "sha512-I4rTebj+F/L9K93IU7yTFs8nQ6EhaCOivxduRha4w4WEZK80yoZ8OAdR1F33m4yJ/NfUuTUbP/Wjs+vKjlCoWA=="],

    "@biomejs/cli-linux-arm64": ["@biomejs/cli-linux-arm64@2.3.6", "", { "os": "linux", "cpu": "arm64" }, "sha512-JjYy83eVBnvuINZiqyFO7xx72v8Srh4hsgaacSBCjC22DwM6+ZvnX1/fj8/SBiLuUOfZ8YhU2pfq2Dzakeyg1A=="],

    "@biomejs/cli-linux-arm64-musl": ["@biomejs/cli-linux-arm64-musl@2.3.6", "", { "os": "linux", "cpu": "arm64" }, "sha512-oK1NpIXIixbJ/4Tcx40cwiieqah6rRUtMGOHDeK2ToT7yUFVEvXUGRKqH0O4hqZ9tW8TcXNZKfgRH6xrsjVtGg=="],

    "@biomejs/cli-linux-x64": ["@biomejs/cli-linux-x64@2.3.6", "", { "os": "linux", "cpu": "x64" }, "sha512-ZjPXzy5yN9wusIoX+8Zp4p6cL8r0NzJCXg/4r1KLVveIPXd2jKVlqZ6ZyzEq385WwU3OX5KOwQYLQsOc788waQ=="],

    "@biomejs/cli-linux-x64-musl": ["@biomejs/cli-linux-x64-musl@2.3.6", "", { "os": "linux", "cpu": "x64" }, "sha512-QvxB8GHQeaO4FCtwJpJjCgJkbHBbWxRHUxQlod+xeaYE6gtJdSkYkuxdKAQUZEOIsec+PeaDAhW9xjzYbwmOFA=="],

    "@biomejs/cli-win32-arm64": ["@biomejs/cli-win32-arm64@2.3.6", "", { "os": "win32", "cpu": "arm64" }, "sha512-YM7hLHpwjdt8R7+O2zS1Vo2cKgqEeptiXB1tWW1rgjN5LlpZovBVKtg7zfwfRrFx3i08aNZThYpTcowpTlczug=="],

    "@biomejs/cli-win32-x64": ["@biomejs/cli-win32-x64@2.3.6", "", { "os": "win32", "cpu": "x64" }, "sha512-psgNEYgMAobY5h+QHRBVR9xvg2KocFuBKm6axZWB/aD12NWhQjiVFQUjV6wMXhlH4iT0Q9c3yK5JFRiDC/rzHA=="],

    "@hono/zod-validator": ["@hono/zod-validator@0.7.4", "", { "peerDependencies": { "hono": ">=3.9.0", "zod": "^3.25.0 || ^4.0.0" } }, "sha512-biKGn3BRJVaftZlIPMyK+HCe/UHAjJ6sH0UyXe3+v0OcgVr9xfImDROTJFLtn9e3XEEAHGZIM9U6evu85abm8Q=="],

    "@scalar/core": ["@scalar/core@0.3.22", "", { "dependencies": { "@scalar/types": "0.4.0" } }, "sha512-6lzeRkvgkukSgge35kvxJKiJBny4rdGSaLTNzn/sF1F6JRfUo7I0AgqFxxSZWMD+EG4kGyNxAz0zciDSx2Cjvw=="],

    "@scalar/hono-api-reference": ["@scalar/hono-api-reference@0.9.24", "", { "dependencies": { "@scalar/core": "0.3.22" }, "peerDependencies": { "hono": "^4.10.3" } }, "sha512-NjPY3iMm/FqYRXAgr6V7qBhJGbSUQ8hbijFUMuqZo4pIjGEUNLeB5L9U2Gh4cDIPPWeso8mlc16jaX7dV0FrPw=="],

    "@scalar/openapi-types": ["@scalar/openapi-types@0.5.1", "", { "dependencies": { "zod": "4.1.11" } }, "sha512-8g7s9lPolyDFtijyh3Ob459tpezPuZbkXoFgJwBTHjPZ7ap+TvOJTvLk56CFwxVBVz2BxCzWJqxYyy3FUdeLoA=="],

    "@scalar/types": ["@scalar/types@0.4.0", "", { "dependencies": { "@scalar/openapi-types": "0.5.1", "nanoid": "5.1.5", "type-fest": "5.0.0", "zod": "4.1.11" } }, "sha512-vOD1GZez7kPdVA+UQit05QE9dbALfevhK9kqRTsqcPX7FvvZ9eQWSNl1GKmKtmRiAZGThv2agM5AvHRxkH2JSw=="],

    "@types/bun": ["@types/bun@1.3.2", "", { "dependencies": { "bun-types": "1.3.2" } }, "sha512-t15P7k5UIgHKkxwnMNkJbWlh/617rkDGEdSsDbu+qNHTaz9SKf7aC8fiIlUdD5RPpH6GEkP0cK7WlvmrEBRtWg=="],

    "@types/node": ["@types/node@24.10.1", "", { "dependencies": { "undici-types": "~7.16.0" } }, "sha512-GNWcUTRBgIRJD5zj+Tq0fKOJ5XZajIiBroOF0yvj2bSU1WvNdYS/dn9UxwsujGW4JX06dnHyjV2y9rRaybH0iQ=="],

    "@types/react": ["@types/react@19.2.6", "", { "dependencies": { "csstype": "^3.2.2" } }, "sha512-p/jUvulfgU7oKtj6Xpk8cA2Y1xKTtICGpJYeJXz2YVO2UcvjQgeRMLDGfDeqeRW2Ta+0QNFwcc8X3GH8SxZz6w=="],

    "bun-types": ["bun-types@1.3.2", "", { "dependencies": { "@types/node": "*" }, "peerDependencies": { "@types/react": "^19" } }, "sha512-i/Gln4tbzKNuxP70OWhJRZz1MRfvqExowP7U6JKoI8cntFrtxg7RJK3jvz7wQW54UuvNC8tbKHHri5fy74FVqg=="],

    "csstype": ["csstype@3.2.3", "", {}, "sha512-z1HGKcYy2xA8AGQfwrn0PAy+PB7X/GSj3UVJW9qKyn43xWa+gl5nXmU4qqLMRzWVLFC8KusUX8T/0kCiOYpAIQ=="],

    "hono": ["hono@4.10.6", "", {}, "sha512-BIdolzGpDO9MQ4nu3AUuDwHZZ+KViNm+EZ75Ae55eMXMqLVhDFqEMXxtUe9Qh8hjL+pIna/frs2j6Y2yD5Ua/g=="],

    "nanoid": ["nanoid@5.1.5", "", { "bin": { "nanoid": "bin/nanoid.js" } }, "sha512-Ir/+ZpE9fDsNH0hQ3C68uyThDXzYcim2EqcZ8zn8Chtt1iylPT9xXJB0kPCnqzgcEGikO9RxSrh63MsmVCU7Fw=="],

    "tagged-tag": ["tagged-tag@1.0.0", "", {}, "sha512-yEFYrVhod+hdNyx7g5Bnkkb0G6si8HJurOoOEgC8B/O0uXLHlaey/65KRv6cuWBNhBgHKAROVpc7QyYqE5gFng=="],

    "type-fest": ["type-fest@5.0.0", "", { "dependencies": { "tagged-tag": "^1.0.0" } }, "sha512-GeJop7+u7BYlQ6yQCAY1nBQiRSHR+6OdCEtd8Bwp9a3NK3+fWAVjOaPKJDteB9f6cIJ0wt4IfnScjLG450EpXA=="],

    "undici-types": ["undici-types@7.16.0", "", {}, "sha512-Zz+aZWSj8LE6zoxD+xrjh4VfkIG8Ya6LvYkZqtUQGJPZjYl53ypCaUwWqo7eI0x66KBGeRo+mlBEkMSeSZ38Nw=="],

    "zod": ["zod@4.1.12", "", {}, "sha512-JInaHOamG8pt5+Ey8kGmdcAcg3OL9reK8ltczgHTAwNhMys/6ThXHityHxVV2p3fkw/c+MAvBHFVYHFZDmjMCQ=="],

    "@scalar/openapi-types/zod": ["zod@4.1.11", "", {}, "sha512-WPsqwxITS2tzx1bzhIKsEs19ABD5vmCVa4xBo2tq/SrV4RNZtfws1EnCWQXM6yh8bD08a1idvkB5MZSBiZsjwg=="],

    "@scalar/types/zod": ["zod@4.1.11", "", {}, "sha512-WPsqwxITS2tzx1bzhIKsEs19ABD5vmCVa4xBo2tq/SrV4RNZtfws1EnCWQXM6yh8bD08a1idvkB5MZSBiZsjwg=="],
  }
}
